
Microsoft Visual Studio Solution File, Format Version 12.00
Project("{FAE04EC0-301F-11D3-BF4B-00C04F79EFBC}") = "Joi", "Joi.csproj", "{CB5D6F9A-5DBC-4088-81D8-B98A34708004}"
EndProject
Global
	GlobalSection(SolutionConfigurationPlatforms) = preSolution
		Debug|Any CPU = Debug|Any CPU
		ExportDebug|Any CPU = ExportDebug|Any CPU
		ExportRelease|Any CPU = ExportRelease|Any CPU
	EndGlobalSection
	GlobalSection(ProjectConfigurationPlatforms) = postSolution
		{CB5D6F9A-5DBC-4088-81D8-B98A34708004}.Debug|Any CPU.ActiveCfg = Debug|Any CPU
		{CB5D6F9A-5DBC-4088-81D8-B98A34708004}.Debug|Any CPU.Build.0 = Debug|Any CPU
		{CB5D6F9A-5DBC-4088-81D8-B98A34708004}.ExportDebug|Any CPU.ActiveCfg = ExportDebug|Any CPU
		{CB5D6F9A-5DBC-4088-81D8-B98A34708004}.ExportDebug|Any CPU.Build.0 = ExportDebug|Any CPU
		{CB5D6F9A-5DBC-4088-81D8-B98A34708004}.ExportRelease|Any CPU.ActiveCfg = ExportRelease|Any CPU
		{CB5D6F9A-5DBC-4088-81D8-B98A34708004}.ExportRelease|Any CPU.Build.0 = ExportRelease|Any CPU
	EndGlobalSection
EndGlobal
